
Microsoft Visual Studio Solution File, Format Version 12.00
# Visual Studio Version 16
VisualStudioVersion = 16.0.30128.74
MinimumVisualStudioVersion = 10.0.40219.1
Project("{FAE04EC0-301F-11D3-BF4B-00C04F79EFBC}") = "asp.netcoreED", "asp.netcoreED.csproj", "{E3D85ED2-B81E-4C67-B5D0-BEC58B40E970}"
EndProject
Global
	GlobalSection(SolutionConfigurationPlatforms) = preSolution
		Debug|Any CPU = Debug|Any CPU
		Release|Any CPU = Release|Any CPU
	EndGlobalSection
	GlobalSection(ProjectConfigurationPlatforms) = postSolution
		{E3D85ED2-B81E-4C67-B5D0-BEC58B40E970}.Debug|Any CPU.ActiveCfg = Debug|Any CPU
		{E3D85ED2-B81E-4C67-B5D0-BEC58B40E970}.Debug|Any CPU.Build.0 = Debug|Any CPU
		{E3D85ED2-B81E-4C67-B5D0-BEC58B40E970}.Release|Any CPU.ActiveCfg = Release|Any CPU
		{E3D85ED2-B81E-4C67-B5D0-BEC58B40E970}.Release|Any CPU.Build.0 = Release|Any CPU
	EndGlobalSection
	GlobalSection(SolutionProperties) = preSolution
		HideSolutionNode = FALSE
	EndGlobalSection
	GlobalSection(ExtensibilityGlobals) = postSolution
		SolutionGuid = {9BDCA00F-5911-4B2F-A325-660A3851DE37}
	EndGlobalSection
EndGlobal
